
Microsoft Visual Studio Solution File, Format Version 12.00
# Visual Studio Version 16
VisualStudioVersion = 16.0.31729.503
MinimumVisualStudioVersion = 10.0.40219.1
Project("{FAE04EC0-301F-11D3-BF4B-00C04F79EFBC}") = "Fibo", "Fibo\Fibo.csproj", "{AA63BEE2-58D6-4CB1-97D7-826248177073}"
EndProject
Global
	GlobalSection(SolutionConfigurationPlatforms) = preSolution
		Debug|Any CPU = Debug|Any CPU
		Release|Any CPU = Release|Any CPU
	EndGlobalSection
	GlobalSection(ProjectConfigurationPlatforms) = postSolution
		{AA63BEE2-58D6-4CB1-97D7-826248177073}.Debug|Any CPU.ActiveCfg = Debug|Any CPU
		{AA63BEE2-58D6-4CB1-97D7-826248177073}.Debug|Any CPU.Build.0 = Debug|Any CPU
		{AA63BEE2-58D6-4CB1-97D7-826248177073}.Release|Any CPU.ActiveCfg = Release|Any CPU
		{AA63BEE2-58D6-4CB1-97D7-826248177073}.Release|Any CPU.Build.0 = Release|Any CPU
	EndGlobalSection
	GlobalSection(SolutionProperties) = preSolution
		HideSolutionNode = FALSE
	EndGlobalSection
	GlobalSection(ExtensibilityGlobals) = postSolution
		SolutionGuid = {E710F054-6E27-46BF-8FC4-D19A28C8AC8D}
	EndGlobalSection
EndGlobal
